
Microsoft Visual Studio Solution File, Format Version 12.00
# Visual Studio Version 17
VisualStudioVersion = 17.8.34408.163
MinimumVisualStudioVersion = 10.0.40219.1
Project("{9A19103F-16F7-4668-BE54-9A1E7A4F7556}") = "WebApplication1", "WebApplication1\WebApplication1.csproj", "{6623207E-9271-4F09-A255-F0432E21CEA9}"
EndProject
Project("{9A19103F-16F7-4668-BE54-9A1E7A4F7556}") = "CustomerWebSite", "CustomerWebSite\CustomerWebSite.csproj", "{CEB3E9F4-6387-4AEF-B18B-0E8349E24C9E}"
EndProject
Project("{FAE04EC0-301F-11D3-BF4B-00C04F79EFBC}") = "CodeFirst", "WebApplication2\CodeFirst.csproj", "{EF97BAF5-A078-47D0-80E3-2D90B05BC6DD}"
EndProject
Global
	GlobalSection(SolutionConfigurationPlatforms) = preSolution
		Debug|Any CPU = Debug|Any CPU
		Release|Any CPU = Release|Any CPU
	EndGlobalSection
	GlobalSection(ProjectConfigurationPlatforms) = postSolution
		{6623207E-9271-4F09-A255-F0432E21CEA9}.Debug|Any CPU.ActiveCfg = Debug|Any CPU
		{6623207E-9271-4F09-A255-F0432E21CEA9}.Debug|Any CPU.Build.0 = Debug|Any CPU
		{6623207E-9271-4F09-A255-F0432E21CEA9}.Release|Any CPU.ActiveCfg = Release|Any CPU
		{6623207E-9271-4F09-A255-F0432E21CEA9}.Release|Any CPU.Build.0 = Release|Any CPU
		{CEB3E9F4-6387-4AEF-B18B-0E8349E24C9E}.Debug|Any CPU.ActiveCfg = Debug|Any CPU
		{CEB3E9F4-6387-4AEF-B18B-0E8349E24C9E}.Debug|Any CPU.Build.0 = Debug|Any CPU
		{CEB3E9F4-6387-4AEF-B18B-0E8349E24C9E}.Release|Any CPU.ActiveCfg = Release|Any CPU
		{CEB3E9F4-6387-4AEF-B18B-0E8349E24C9E}.Release|Any CPU.Build.0 = Release|Any CPU
		{EF97BAF5-A078-47D0-80E3-2D90B05BC6DD}.Debug|Any CPU.ActiveCfg = Debug|Any CPU
		{EF97BAF5-A078-47D0-80E3-2D90B05BC6DD}.Debug|Any CPU.Build.0 = Debug|Any CPU
		{EF97BAF5-A078-47D0-80E3-2D90B05BC6DD}.Release|Any CPU.ActiveCfg = Release|Any CPU
		{EF97BAF5-A078-47D0-80E3-2D90B05BC6DD}.Release|Any CPU.Build.0 = Release|Any CPU
	EndGlobalSection
	GlobalSection(SolutionProperties) = preSolution
		HideSolutionNode = FALSE
	EndGlobalSection
	GlobalSection(ExtensibilityGlobals) = postSolution
		SolutionGuid = {1520417F-1095-4ED9-8E26-FB6C1A0DEB75}
	EndGlobalSection
EndGlobal
